
Microsoft Visual Studio Solution File, Format Version 11.00
# Visual Studio 2010
Project("{FAE04EC0-301F-11D3-BF4B-00C04F79EFBC}") = "Events4ALL", "Events4ALL\Events4ALL.csproj", "{66375357-B9F8-416D-AF7F-3936A4DDCAE2}"
	ProjectSection(ProjectDependencies) = postProject
		{EF0451DB-A070-485F-9039-8FDDD859A07B} = {EF0451DB-A070-485F-9039-8FDDD859A07B}
	EndProjectSection
EndProject
Project("{FAE04EC0-301F-11D3-BF4B-00C04F79EFBC}") = "WEvents4ALL", "WEvents4ALL\WEvents4ALL.csproj", "{19F14DD4-9A6E-44ED-B662-222C2C5BC806}"
	ProjectSection(ProjectDependencies) = postProject
		{542107CE-23DC-42DE-A3AF-F47DB6576058} = {542107CE-23DC-42DE-A3AF-F47DB6576058}
		{47A630D8-3DCD-40DA-BB30-4D43B42CA0EF} = {47A630D8-3DCD-40DA-BB30-4D43B42CA0EF}
	EndProjectSection
EndProject
Project("{FAE04EC0-301F-11D3-BF4B-00C04F79EFBC}") = "Updater", "Updater\Updater.csproj", "{EF0451DB-A070-485F-9039-8FDDD859A07B}"
EndProject
Project("{FAE04EC0-301F-11D3-BF4B-00C04F79EFBC}") = "Auxiliares", "Auxiliares\Auxiliares.csproj", "{47A630D8-3DCD-40DA-BB30-4D43B42CA0EF}"
EndProject
Project("{FAE04EC0-301F-11D3-BF4B-00C04F79EFBC}") = "Entities", "Entities\Entities.csproj", "{542107CE-23DC-42DE-A3AF-F47DB6576058}"
EndProject
Global
	GlobalSection(SolutionConfigurationPlatforms) = preSolution
		Debug|Any CPU = Debug|Any CPU
		Debug|Mixed Platforms = Debug|Mixed Platforms
		Debug|x86 = Debug|x86
		Release|Any CPU = Release|Any CPU
		Release|Mixed Platforms = Release|Mixed Platforms
		Release|x86 = Release|x86
	EndGlobalSection
	GlobalSection(ProjectConfigurationPlatforms) = postSolution
		{66375357-B9F8-416D-AF7F-3936A4DDCAE2}.Debug|Any CPU.ActiveCfg = Debug|x86
		{66375357-B9F8-416D-AF7F-3936A4DDCAE2}.Debug|Mixed Platforms.ActiveCfg = Debug|x86
		{66375357-B9F8-416D-AF7F-3936A4DDCAE2}.Debug|Mixed Platforms.Build.0 = Debug|x86
		{66375357-B9F8-416D-AF7F-3936A4DDCAE2}.Debug|x86.ActiveCfg = Debug|x86
		{66375357-B9F8-416D-AF7F-3936A4DDCAE2}.Debug|x86.Build.0 = Debug|x86
		{66375357-B9F8-416D-AF7F-3936A4DDCAE2}.Release|Any CPU.ActiveCfg = Release|x86
		{66375357-B9F8-416D-AF7F-3936A4DDCAE2}.Release|Mixed Platforms.ActiveCfg = Release|x86
		{66375357-B9F8-416D-AF7F-3936A4DDCAE2}.Release|Mixed Platforms.Build.0 = Release|x86
		{66375357-B9F8-416D-AF7F-3936A4DDCAE2}.Release|x86.ActiveCfg = Release|x86
		{66375357-B9F8-416D-AF7F-3936A4DDCAE2}.Release|x86.Build.0 = Release|x86
		{19F14DD4-9A6E-44ED-B662-222C2C5BC806}.Debug|Any CPU.ActiveCfg = Debug|Any CPU
		{19F14DD4-9A6E-44ED-B662-222C2C5BC806}.Debug|Any CPU.Build.0 = Debug|Any CPU
		{19F14DD4-9A6E-44ED-B662-222C2C5BC806}.Debug|Mixed Platforms.ActiveCfg = Debug|Any CPU
		{19F14DD4-9A6E-44ED-B662-222C2C5BC806}.Debug|Mixed Platforms.Build.0 = Debug|Any CPU
		{19F14DD4-9A6E-44ED-B662-222C2C5BC806}.Debug|x86.ActiveCfg = Debug|Any CPU
		{19F14DD4-9A6E-44ED-B662-222C2C5BC806}.Release|Any CPU.ActiveCfg = Release|Any CPU
		{19F14DD4-9A6E-44ED-B662-222C2C5BC806}.Release|Any CPU.Build.0 = Release|Any CPU
		{19F14DD4-9A6E-44ED-B662-222C2C5BC806}.Release|Mixed Platforms.ActiveCfg = Release|Any CPU
		{19F14DD4-9A6E-44ED-B662-222C2C5BC806}.Release|Mixed Platforms.Build.0 = Release|Any CPU
		{19F14DD4-9A6E-44ED-B662-222C2C5BC806}.Release|x86.ActiveCfg = Release|Any CPU
		{EF0451DB-A070-485F-9039-8FDDD859A07B}.Debug|Any CPU.ActiveCfg = Debug|x86
		{EF0451DB-A070-485F-9039-8FDDD859A07B}.Debug|Mixed Platforms.ActiveCfg = Debug|x86
		{EF0451DB-A070-485F-9039-8FDDD859A07B}.Debug|Mixed Platforms.Build.0 = Debug|x86
		{EF0451DB-A070-485F-9039-8FDDD859A07B}.Debug|x86.ActiveCfg = Debug|x86
		{EF0451DB-A070-485F-9039-8FDDD859A07B}.Debug|x86.Build.0 = Debug|x86
		{EF0451DB-A070-485F-9039-8FDDD859A07B}.Release|Any CPU.ActiveCfg = Release|x86
		{EF0451DB-A070-485F-9039-8FDDD859A07B}.Release|Mixed Platforms.ActiveCfg = Release|x86
		{EF0451DB-A070-485F-9039-8FDDD859A07B}.Release|Mixed Platforms.Build.0 = Release|x86
		{EF0451DB-A070-485F-9039-8FDDD859A07B}.Release|x86.ActiveCfg = Release|x86
		{EF0451DB-A070-485F-9039-8FDDD859A07B}.Release|x86.Build.0 = Release|x86
		{47A630D8-3DCD-40DA-BB30-4D43B42CA0EF}.Debug|Any CPU.ActiveCfg = Debug|Any CPU
		{47A630D8-3DCD-40DA-BB30-4D43B42CA0EF}.Debug|Any CPU.Build.0 = Debug|Any CPU
		{47A630D8-3DCD-40DA-BB30-4D43B42CA0EF}.Debug|Mixed Platforms.ActiveCfg = Debug|Any CPU
		{47A630D8-3DCD-40DA-BB30-4D43B42CA0EF}.Debug|Mixed Platforms.Build.0 = Debug|Any CPU
		{47A630D8-3DCD-40DA-BB30-4D43B42CA0EF}.Debug|x86.ActiveCfg = Debug|Any CPU
		{47A630D8-3DCD-40DA-BB30-4D43B42CA0EF}.Release|Any CPU.ActiveCfg = Release|Any CPU
		{47A630D8-3DCD-40DA-BB30-4D43B42CA0EF}.Release|Any CPU.Build.0 = Release|Any CPU
		{47A630D8-3DCD-40DA-BB30-4D43B42CA0EF}.Release|Mixed Platforms.ActiveCfg = Release|Any CPU
		{47A630D8-3DCD-40DA-BB30-4D43B42CA0EF}.Release|Mixed Platforms.Build.0 = Release|Any CPU
		{47A630D8-3DCD-40DA-BB30-4D43B42CA0EF}.Release|x86.ActiveCfg = Release|Any CPU
		{542107CE-23DC-42DE-A3AF-F47DB6576058}.Debug|Any CPU.ActiveCfg = Debug|Any CPU
		{542107CE-23DC-42DE-A3AF-F47DB6576058}.Debug|Any CPU.Build.0 = Debug|Any CPU
		{542107CE-23DC-42DE-A3AF-F47DB6576058}.Debug|Mixed Platforms.ActiveCfg = Debug|Any CPU
		{542107CE-23DC-42DE-A3AF-F47DB6576058}.Debug|Mixed Platforms.Build.0 = Debug|Any CPU
		{542107CE-23DC-42DE-A3AF-F47DB6576058}.Debug|x86.ActiveCfg = Debug|Any CPU
		{542107CE-23DC-42DE-A3AF-F47DB6576058}.Release|Any CPU.ActiveCfg = Release|Any CPU
		{542107CE-23DC-42DE-A3AF-F47DB6576058}.Release|Any CPU.Build.0 = Release|Any CPU
		{542107CE-23DC-42DE-A3AF-F47DB6576058}.Release|Mixed Platforms.ActiveCfg = Release|Any CPU
		{542107CE-23DC-42DE-A3AF-F47DB6576058}.Release|Mixed Platforms.Build.0 = Release|Any CPU
		{542107CE-23DC-42DE-A3AF-F47DB6576058}.Release|x86.ActiveCfg = Release|Any CPU
	EndGlobalSection
	GlobalSection(SolutionProperties) = preSolution
		HideSolutionNode = FALSE
	EndGlobalSection
EndGlobal
